
Microsoft Visual Studio Solution File, Format Version 12.00
# Visual Studio Version 17
VisualStudioVersion = 17.13.35931.197 d17.13
MinimumVisualStudioVersion = 10.0.40219.1
Project("{FAE04EC0-301F-11D3-BF4B-00C04F79EFBC}") = "hola-mundo", "hola-mundo\hola-mundo.csproj", "{4D14EA5F-16DE-4EBF-BEC6-0B637F166B2E}"
EndProject
Global
	GlobalSection(SolutionConfigurationPlatforms) = preSolution
		Debug|Any CPU = Debug|Any CPU
		Release|Any CPU = Release|Any CPU
	EndGlobalSection
	GlobalSection(ProjectConfigurationPlatforms) = postSolution
		{4D14EA5F-16DE-4EBF-BEC6-0B637F166B2E}.Debug|Any CPU.ActiveCfg = Debug|Any CPU
		{4D14EA5F-16DE-4EBF-BEC6-0B637F166B2E}.Debug|Any CPU.Build.0 = Debug|Any CPU
		{4D14EA5F-16DE-4EBF-BEC6-0B637F166B2E}.Release|Any CPU.ActiveCfg = Release|Any CPU
		{4D14EA5F-16DE-4EBF-BEC6-0B637F166B2E}.Release|Any CPU.Build.0 = Release|Any CPU
	EndGlobalSection
	GlobalSection(SolutionProperties) = preSolution
		HideSolutionNode = FALSE
	EndGlobalSection
	GlobalSection(ExtensibilityGlobals) = postSolution
		SolutionGuid = {D858FE9E-9B5E-4C7A-9EF9-3B37B197FC9C}
	EndGlobalSection
EndGlobal
